<?xml version="1.0" encoding="UTF-8" standalone="yes" ?>
<CodeBlocks_project_file>
	<FileVersion major="1" minor="6" />
	<Project>
		<Option title="getRandomName" />
		<Option makefile_is_custom="1" />
		<Option pch_mode="2" />
		<Option compiler="gcc" />
		<Build>
			<Target title="Debug">
				<Option output="../../getrn" prefix_auto="1" extension_auto="1" />
				<Option working_dir="../../" />
				<Option object_output="./.objdbg/" />
				<Option type="1" />
				<Option compiler="gcc" />
				<Option parameters="count 10" />
				<Compiler>
					<Add option="-pedantic" />
					<Add option="-pg" />
					<Add option="-g" />
					<Add option="-ggdb -O0" />
				</Compiler>
				<Linker>
					<Add option="-pg" />
				</Linker>
				<MakeCommands>
					<Build command="$make -f $makefile DEBUG=YES" />
					<CompileFile command="$make -f $makefile $file DEBUG=YES" />
					<Clean command="$make -f $makefile clean DEBUG=YES" />
					<DistClean command="$make -f $makefile distclean$target" />
					<AskRebuildNeeded command="$make -q -f $makefile DEBUG=YES" />
					<SilentBuild command="$make -f $makefile DEBUG=YES &gt; $(CMD_NULL)" />
				</MakeCommands>
			</Target>
			<Target title="Release">
				<Option output="../../getrn" prefix_auto="1" extension_auto="1" />
				<Option working_dir="../../" />
				<Option object_output="./.objrls/" />
				<Option type="1" />
				<Option compiler="gcc" />
				<Compiler>
					<Add option="-O2" />
					<Add option="-march=native" />
				</Compiler>
				<Linker>
					<Add option="-s" />
				</Linker>
				<MakeCommands>
					<Build command="$make -f $makefile DEBUG=NO" />
					<CompileFile command="$make -f $makefile $file DEBUG=NO" />
					<Clean command="$make -f $makefile clean DEBUG=NO" />
					<DistClean command="$make -f $makefile distclean$target" />
					<AskRebuildNeeded command="$make -q -f $makefile DEBUG=NO" />
					<SilentBuild command="$make -f $makefile DEBUG=NO &gt; $(CMD_NULL)" />
				</MakeCommands>
			</Target>
		</Build>
		<Compiler>
			<Add option="-std=c++0x" />
			<Add option="-Wextra" />
			<Add option="-Wall" />
			<Add option="-fexceptions" />
		</Compiler>
		<Unit filename="AUTHORS" />
		<Unit filename="CONTRIBUTING.md" />
		<Unit filename="ChangeLog" />
		<Unit filename="INSTALL.md" />
		<Unit filename="LICENSE" />
		<Unit filename="Makefile" />
		<Unit filename="NEWS.md" />
		<Unit filename="README.md" />
		<Unit filename="TODO.md" />
		<Unit filename="code_of_conduct.md" />
		<Unit filename="src/environment.cpp" />
		<Unit filename="src/environment.h" />
		<Unit filename="src/main.cpp" />
		<Unit filename="src/main.h" />
		<Unit filename="src/tools.cpp" />
		<Unit filename="src/tools.h" />
		<Extensions>
			<envvars />
			<code_completion>
				<search_path add="/usr/include/pwxlib" />
			</code_completion>
			<debugger />
			<lib_finder disable_auto="1" />
		</Extensions>
	</Project>
</CodeBlocks_project_file>
